PODS:
  - groupingKit (1):
    - groupingKit/GroupFour (= 1)
    - groupingKit/GroupOne (= 1)
    - groupingKit/GroupThree (= 1)
    - groupingKit/GroupTwo (= 1)
  - groupingKit/GroupFour (1)
  - groupingKit/GroupOne (1):
    - groupingKit/GroupTwo
  - groupingKit/GroupThree (1)
  - groupingKit/GroupTwo (1)

DEPENDENCIES:
  - groupingKit (from `../`)

EXTERNAL SOURCES:
  groupingKit:
    :path: ../

SPEC CHECKSUMS:
  groupingKit: a843fcb6f5b04369bba665d2721be01fa9431d5b

PODFILE CHECKSUM: a169e11eff25ecb0777ac813164efbda1d89ba03

COCOAPODS: 1.4.0
